
Microsoft Visual Studio Solution File, Format Version 12.00
# Visual Studio Version 17
VisualStudioVersion = 17.7.34221.43
MinimumVisualStudioVersion = 10.0.40219.1
Project("{FAE04EC0-301F-11D3-BF4B-00C04F79EFBC}") = "Sort_Graph_Vertices_alg", "Sort_Graph_Vertices_alg\Sort_Graph_Vertices_alg.csproj", "{EC0A5F84-48FD-4E60-A2CC-D0E2F4639BA6}"
EndProject
Global
	GlobalSection(SolutionConfigurationPlatforms) = preSolution
		Debug|Any CPU = Debug|Any CPU
		Release|Any CPU = Release|Any CPU
	EndGlobalSection
	GlobalSection(ProjectConfigurationPlatforms) = postSolution
		{EC0A5F84-48FD-4E60-A2CC-D0E2F4639BA6}.Debug|Any CPU.ActiveCfg = Debug|Any CPU
		{EC0A5F84-48FD-4E60-A2CC-D0E2F4639BA6}.Debug|Any CPU.Build.0 = Debug|Any CPU
		{EC0A5F84-48FD-4E60-A2CC-D0E2F4639BA6}.Release|Any CPU.ActiveCfg = Release|Any CPU
		{EC0A5F84-48FD-4E60-A2CC-D0E2F4639BA6}.Release|Any CPU.Build.0 = Release|Any CPU
	EndGlobalSection
	GlobalSection(SolutionProperties) = preSolution
		HideSolutionNode = FALSE
	EndGlobalSection
	GlobalSection(ExtensibilityGlobals) = postSolution
		SolutionGuid = {7F44DCAB-CFF7-451C-B044-993B2F56BC22}
	EndGlobalSection
EndGlobal
